github.com/philhofer/fwd v1.1.3-0.20240916144458-20a13a1f6b7c h1:dAMKvw0MlJT1GshSTtih8C2gDs04w8dReiOGXrGLNoY=
github.com/philhofer/fwd v1.1.3-0.20240916144458-20a13a1f6b7c/go.mod h1:RqIHx9QI14HlwKwm98g9Re5prTQ6LdeRQn+gXJFxsJM=
github.com/signalsciences/tlstext v1.2.0 h1:ps1ZCoDz93oMK0ySe7G/2J0dpTT32cN20U+/xy0S7uk=
github.com/signalsciences/tlstext v1.2.0/go.mod h1:DKD8bjL8ZiedHAgWtcpgZm6TBAnmAlImuyJX2whrm3k=
github.com/tinylib/msgp v1.2.4 h1:yLFeUGostXXSGW5vxfT5dXG/qzkn4schv2I7at5+hVU=
github.com/tinylib/msgp v1.2.4/go.mod h1:ykjzy2wzgrlvpDCRc4LA8UXy6D8bzMSuAF3WD57Gok0=
